
Microsoft Visual Studio Solution File, Format Version 12.00
# Visual Studio Version 16
VisualStudioVersion = 16.0.29123.88
MinimumVisualStudioVersion = 10.0.40219.1
Project("{FAE04EC0-301F-11D3-BF4B-00C04F79EFBC}") = "WebAppSimpleToMVC", "WebAppSimpleToMVC\WebAppSimpleToMVC.csproj", "{BA43522E-3E89-47BA-B768-3169BD47EA18}"
EndProject
Global
	GlobalSection(SolutionConfigurationPlatforms) = preSolution
		Debug|Any CPU = Debug|Any CPU
		Release|Any CPU = Release|Any CPU
	EndGlobalSection
	GlobalSection(ProjectConfigurationPlatforms) = postSolution
		{BA43522E-3E89-47BA-B768-3169BD47EA18}.Debug|Any CPU.ActiveCfg = Debug|Any CPU
		{BA43522E-3E89-47BA-B768-3169BD47EA18}.Debug|Any CPU.Build.0 = Debug|Any CPU
		{BA43522E-3E89-47BA-B768-3169BD47EA18}.Release|Any CPU.ActiveCfg = Release|Any CPU
		{BA43522E-3E89-47BA-B768-3169BD47EA18}.Release|Any CPU.Build.0 = Release|Any CPU
	EndGlobalSection
	GlobalSection(SolutionProperties) = preSolution
		HideSolutionNode = FALSE
	EndGlobalSection
	GlobalSection(ExtensibilityGlobals) = postSolution
		SolutionGuid = {448A8E0C-CADB-4019-B665-BEF1AB295B09}
	EndGlobalSection
EndGlobal
